# Generated by conda-lock.
# platform: linux-aarch64
# input_hash: ac6b2dfe02fe0964415c05725a84f305df9d6685ebc17069bff7ef99edf48be4
@EXPLICIT
https://conda.anaconda.org/conda-forge/noarch/font-ttf-dejavu-sans-mono-2.37-hab24e00_0.tar.bz2#0c96522c6bdaed4b1566d11387caaf45
https://conda.anaconda.org/conda-forge/noarch/font-ttf-inconsolata-3.000-h77eed37_0.tar.bz2#34893075a5c9e55cdafac56607368fc6
https://conda.anaconda.org/conda-forge/noarch/font-ttf-source-code-pro-2.038-h77eed37_0.tar.bz2#4d59c254e01d9cde7957100457e2d5fb
https://conda.anaconda.org/conda-forge/noarch/font-ttf-ubuntu-0.83-h77eed37_3.conda#49023d73832ef61042f6a237cb2687e7
https://conda.anaconda.org/conda-forge/linux-aarch64/libglvnd-1.7.0-hd24410f_2.conda#9e115653741810778c9a915a2f8439e7
https://conda.anaconda.org/conda-forge/linux-aarch64/libgomp-15.2.0-h8acb6b2_13.conda#55ddcf25349097cd75a3af76ab2237f6
https://conda.anaconda.org/conda-forge/noarch/python_abi-3.11-8_cp311.conda#8fcb6b0e2161850556231336dae58358
https://conda.anaconda.org/conda-forge/noarch/tzdata-2025b-h78e105d_0.conda#4222072737ccff51314b5ece9c7d6f5a
https://conda.anaconda.org/conda-forge/linux-aarch64/_openmp_mutex-4.5-2_gnu.tar.bz2#6168d71addc746e8f2b8d57dfd2edcea
https://conda.anaconda.org/conda-forge/noarch/ca-certificates-2025.11.12-hbd8a1cb_0.conda#f0991f0f84902f6b6009b4d2350a83aa
https://conda.anaconda.org/conda-forge/noarch/fonts-conda-forge-1-hc364b38_1.conda#a7970cd949a077b7cb9696379d338681
https://conda.anaconda.org/conda-forge/linux-aarch64/libegl-1.7.0-hd24410f_2.conda#cf105bce884e4ef8c8ccdca9fe6695e7
https://conda.anaconda.org/conda-forge/linux-aarch64/libopengl-1.7.0-hd24410f_2.conda#cf9d12bfab305e48d095a4c79002c922
https://conda.anaconda.org/conda-forge/noarch/fonts-conda-ecosystem-1-0.tar.bz2#fee5683a3f04bd15cbd8318b096a27ab
https://conda.anaconda.org/conda-forge/linux-aarch64/libgcc-15.2.0-h8acb6b2_13.conda#1419d93ef20f4a0d4a7f5f73bf5d0315
https://conda.anaconda.org/conda-forge/linux-aarch64/alsa-lib-1.2.14-h86ecc28_0.conda#a696b24c1b473ecc4774bcb5a6ac6337
https://conda.anaconda.org/conda-forge/linux-aarch64/bzip2-1.0.8-h4777abc_8.conda#2921ac0b541bf37c69e66bd6d9a43bca
https://conda.anaconda.org/conda-forge/linux-aarch64/keyutils-1.6.3-h86ecc28_0.conda#e7df0aab10b9cbb73ab2a467ebfaf8c7
https://conda.anaconda.org/conda-forge/linux-aarch64/libbrotlicommon-1.2.0-he30d5cf_1.conda#8ec1d03f3000108899d1799d9964f281
https://conda.anaconda.org/conda-forge/linux-aarch64/libdeflate-1.25-h1af38f5_0.conda#a9138815598fe6b91a1d6782ca657b0c
https://conda.anaconda.org/conda-forge/linux-aarch64/libexpat-2.7.3-hfae3067_0.conda#b414e36fbb7ca122030276c75fa9c34a
https://conda.anaconda.org/conda-forge/linux-aarch64/libffi-3.5.2-hd65408f_0.conda#0c5ad486dcfb188885e3cf8ba209b97b
https://conda.anaconda.org/conda-forge/linux-aarch64/libgcc-ng-15.2.0-he9431aa_13.conda#928d6edd847350edac93b71d4d60f658
https://conda.anaconda.org/conda-forge/linux-aarch64/libgfortran5-15.2.0-h1b7bec0_13.conda#1c4e67b138bf4ac3f76efbd2e343b985
https://conda.anaconda.org/conda-forge/linux-aarch64/libiconv-1.18-h90929bb_2.conda#5a86bf847b9b926f3a4f203339748d78
https://conda.anaconda.org/conda-forge/linux-aarch64/libjpeg-turbo-3.1.2-he30d5cf_0.conda#5109d7f837a3dfdf5c60f60e311b041f
https://conda.anaconda.org/conda-forge/linux-aarch64/liblzma-5.8.1-h86ecc28_2.conda#7d362346a479256857ab338588190da0
https://conda.anaconda.org/conda-forge/linux-aarch64/libnsl-2.0.1-h86ecc28_1.conda#d5d58b2dc3e57073fe22303f5fed4db7
https://conda.anaconda.org/conda-forge/linux-aarch64/libpciaccess-0.18-h86ecc28_0.conda#5044e160c5306968d956c2a0a2a440d6
https://conda.anaconda.org/conda-forge/linux-aarch64/libstdcxx-15.2.0-hef695bb_13.conda#266c9b47819e9d5dd4e93a16705410f7
https://conda.anaconda.org/conda-forge/linux-aarch64/libuuid-2.41.2-h3e4203c_0.conda#3a68e44fdf2a2811672520fdd62996bd
https://conda.anaconda.org/conda-forge/linux-aarch64/libwebp-base-1.6.0-ha2e29f5_0.conda#24e92d0942c799db387f5c9d7b81f1af
https://conda.anaconda.org/conda-forge/linux-aarch64/libzlib-1.3.1-h86ecc28_2.conda#08aad7cbe9f5a6b460d0976076b6ae64
https://conda.anaconda.org/conda-forge/linux-aarch64/ncurses-6.5-ha32ae93_3.conda#182afabe009dc78d8b73100255ee6868
https://conda.anaconda.org/conda-forge/linux-aarch64/openssl-3.6.0-h8e36d6e_0.conda#7624c6e01aecba942e9115e0f5a2af9d
https://conda.anaconda.org/conda-forge/linux-aarch64/pthread-stubs-0.4-h86ecc28_1002.conda#bb5a90c93e3bac3d5690acf76b4a6386
https://conda.anaconda.org/conda-forge/linux-aarch64/xorg-libice-1.1.2-h86ecc28_0.conda#c8d8ec3e00cd0fd8a231789b91a7c5b7
https://conda.anaconda.org/conda-forge/linux-aarch64/xorg-libxau-1.0.12-he30d5cf_1.conda#1c246e1105000c3660558459e2fd6d43
https://conda.anaconda.org/conda-forge/linux-aarch64/xorg-libxdmcp-1.1.5-he30d5cf_1.conda#bff06dcde4a707339d66d45d96ceb2e2
https://conda.anaconda.org/conda-forge/linux-aarch64/yaml-0.2.5-h80f16a2_3.conda#032d8030e4a24fe1f72c74423a46fb88
https://conda.anaconda.org/conda-forge/linux-aarch64/double-conversion-3.3.1-h5ad3122_0.conda#399959d889e1a73fc99f12ce480e77e1
https://conda.anaconda.org/conda-forge/linux-aarch64/graphite2-1.3.14-hfae3067_2.conda#4aa540e9541cc9d6581ab23ff2043f13
https://conda.anaconda.org/conda-forge/linux-aarch64/lerc-4.0.0-hfdc4d58_1.conda#60dceb7e876f4d74a9cbd42bbbc6b9cf
https://conda.anaconda.org/conda-forge/linux-aarch64/libbrotlidec-1.2.0-he30d5cf_1.conda#47e5b71b77bb8b47b4ecf9659492977f
https://conda.anaconda.org/conda-forge/linux-aarch64/libbrotlienc-1.2.0-he30d5cf_1.conda#6553a5d017fe14859ea8a4e6ea5def8f
https://conda.anaconda.org/conda-forge/linux-aarch64/libdrm-2.4.125-he30d5cf_1.conda#2079727b538f6dd16f3fa579d4c3c53f
https://conda.anaconda.org/conda-forge/linux-aarch64/libedit-3.1.20250104-pl5321h976ea20_0.conda#fb640d776fc92b682a14e001980825b1
https://conda.anaconda.org/conda-forge/linux-aarch64/libgfortran-15.2.0-he9431aa_13.conda#b6d4df8943ea75558c2e37e14035415c
https://conda.anaconda.org/conda-forge/linux-aarch64/libntlm-1.4-hf897c2e_1002.tar.bz2#835c7c4137821de5c309f4266a51ba89
https://conda.anaconda.org/conda-forge/linux-aarch64/libpng-1.6.51-h1abf092_0.conda#913b1a53ee5f71ce323a15593597be0b
https://conda.anaconda.org/conda-forge/linux-aarch64/libsqlite-3.51.0-h022381a_0.conda#8920ce2226463a3815e2183c8b5008b8
https://conda.anaconda.org/conda-forge/linux-aarch64/libstdcxx-ng-15.2.0-hdbbeba8_13.conda#2fcf58e8be0f631845a662c4dde7dad8
https://conda.anaconda.org/conda-forge/linux-aarch64/libxcb-1.17.0-h262b8f6_0.conda#cd14ee5cca2464a425b1dbfc24d90db2
https://conda.anaconda.org/conda-forge/linux-aarch64/libxcrypt-4.4.36-h31becfc_1.conda#b4df5d7d4b63579d081fd3a4cf99740e
https://conda.anaconda.org/conda-forge/linux-aarch64/pcre2-10.46-h15761aa_0.conda#5128cb5188b630a58387799ea1366e37
https://conda.anaconda.org/conda-forge/linux-aarch64/pixman-0.46.4-h7ac5ae9_1.conda#1587081d537bd4ae77d1c0635d465ba5
https://conda.anaconda.org/conda-forge/linux-aarch64/readline-8.2-h8382b9d_2.conda#c0f08fc2737967edde1a272d4bf41ed9
https://conda.anaconda.org/conda-forge/linux-aarch64/tk-8.6.13-noxft_h561c983_103.conda#631db4799bc2bfe4daccf80bb3cbc433
https://conda.anaconda.org/conda-forge/linux-aarch64/wayland-1.24.0-h4f8a99f_1.conda#f6966cb1f000c230359ae98c29e37d87
https://conda.anaconda.org/conda-forge/linux-aarch64/xorg-libsm-1.2.6-h0808dbd_0.conda#2d1409c50882819cb1af2de82e2b7208
https://conda.anaconda.org/conda-forge/linux-aarch64/zlib-ng-2.2.5-h92288e7_1.conda#ef08ce132a13c3d6f9660066ad756ed3
https://conda.anaconda.org/conda-forge/linux-aarch64/zstd-1.5.7-hbcf94c1_2.conda#5be90c5a3e4b43c53e38f50a85e11527
https://conda.anaconda.org/conda-forge/linux-aarch64/brotli-bin-1.2.0-he30d5cf_1.conda#b31f6f3a888c3f8f4c5a9dafc2575187
https://conda.anaconda.org/conda-forge/linux-aarch64/icu-75.1-hf9b3779_0.conda#268203e8b983fddb6412b36f2024e75c
https://conda.anaconda.org/conda-forge/linux-aarch64/krb5-1.21.3-h50a48e9_0.conda#29c10432a2ca1472b53f299ffb2ffa37
https://conda.anaconda.org/conda-forge/linux-aarch64/ld_impl_linux-aarch64-2.45-default_h1979696_104.conda#28035705fe0c977ea33963489cd008ad
https://conda.anaconda.org/conda-forge/linux-aarch64/libfreetype6-2.14.1-hdae7a39_0.conda#9c2f56b6e011c6d8010ff43b796aab2f
https://conda.anaconda.org/conda-forge/linux-aarch64/libglib-2.86.2-he84ff74_0.conda#d184d68eaa57125062786e10440ff461
https://conda.anaconda.org/conda-forge/linux-aarch64/libopenblas-0.3.30-pthreads_h9d3fd7e_4.conda#11d7d57b7bdd01da745bbf2b67020b2e
https://conda.anaconda.org/conda-forge/linux-aarch64/libtiff-4.7.1-hdb009f0_1.conda#8c6fd84f9c87ac00636007c6131e457d
https://conda.anaconda.org/conda-forge/linux-aarch64/qhull-2020.2-h70be974_5.conda#bb138086d938e2b64f5f364945793ebf
https://conda.anaconda.org/conda-forge/linux-aarch64/xcb-util-0.4.1-hca56bd8_2.conda#159ffec8f7fab775669a538f0b29373a
https://conda.anaconda.org/conda-forge/linux-aarch64/xcb-util-keysyms-0.4.1-h5c728e9_0.conda#57ca8564599ddf8b633c4ea6afee6f3a
https://conda.anaconda.org/conda-forge/linux-aarch64/xcb-util-renderutil-0.3.10-h5c728e9_0.conda#7beeda4223c5484ef72d89fb66b7e8c1
https://conda.anaconda.org/conda-forge/linux-aarch64/xcb-util-wm-0.4.2-h5c728e9_0.conda#f14dcda6894722e421da2b7dcffb0b78
https://conda.anaconda.org/conda-forge/linux-aarch64/xorg-libx11-1.8.12-hca56bd8_0.conda#3df132f0048b9639bc091ef22937c111
https://conda.anaconda.org/conda-forge/linux-aarch64/brotli-1.2.0-hd651790_1.conda#5c933384d588a06cd8dac78ca2864aab
https://conda.anaconda.org/conda-forge/linux-aarch64/cyrus-sasl-2.1.28-h6c5dea3_0.conda#b6d06b46e791add99cc39fbbc34530d5
https://conda.anaconda.org/conda-forge/linux-aarch64/dbus-1.16.2-heda779d_0.conda#9203b74bb1f3fa0d6f308094b3b44c1e
https://conda.anaconda.org/conda-forge/linux-aarch64/lcms2-2.17-hc88f144_0.conda#b87b1abd2542cf65a00ad2e2461a3083
https://conda.anaconda.org/conda-forge/linux-aarch64/libblas-3.11.0-2_haddc8a3_openblas.conda#1a4b8fba71eb980ac7fb0f2ab86f295d
https://conda.anaconda.org/conda-forge/linux-aarch64/libcups-2.3.3-h5cdc715_5.conda#ac0333d338076ef19170938bbaf97582
https://conda.anaconda.org/conda-forge/linux-aarch64/libfreetype-2.14.1-h8af1aa0_0.conda#1e61fb236ccd3d6ccaf9e91cb2d7e12d
https://conda.anaconda.org/conda-forge/linux-aarch64/libglx-1.7.0-hd24410f_2.conda#1d4269e233636148696a67e2d30dad2a
https://conda.anaconda.org/conda-forge/linux-aarch64/libxml2-16-2.15.1-h8591a01_0.conda#e7177c6fbbf815da7b215b4cc3e70208
https://conda.anaconda.org/conda-forge/linux-aarch64/openjpeg-2.5.4-h5da879a_0.conda#cea962410e327262346d48d01f05936c
https://conda.anaconda.org/conda-forge/linux-aarch64/python-3.11.14-h91f4b29_2_cpython.conda#622ae39bb186be3eeeaa564a9c7e1eec
https://conda.anaconda.org/conda-forge/linux-aarch64/xcb-util-image-0.4.0-h5c728e9_2.conda#b82e5c78dbbfa931980e8bfe83bce913
https://conda.anaconda.org/conda-forge/linux-aarch64/xkeyboard-config-2.46-he30d5cf_0.conda#9524f30d9dea7dd5d6ead43a8823b6c2
https://conda.anaconda.org/conda-forge/linux-aarch64/xorg-libxext-1.3.6-h57736b2_0.conda#bd1e86dd8aa3afd78a4bfdb4ef918165
https://conda.anaconda.org/conda-forge/linux-aarch64/xorg-libxfixes-6.0.2-he30d5cf_0.conda#e8b4056544341daf1d415eaeae7a040c
https://conda.anaconda.org/conda-forge/linux-aarch64/xorg-libxrender-0.9.12-h86ecc28_0.conda#ae2c2dd0e2d38d249887727db2af960e
https://conda.anaconda.org/conda-forge/noarch/appdirs-1.4.4-pyhd8ed1ab_1.conda#f4e90937bbfc3a4a92539545a37bb448
https://conda.anaconda.org/conda-forge/noarch/attrs-25.4.0-pyh71513ae_0.conda#c7944d55af26b6d2d7629e27e9a972c1
https://conda.anaconda.org/conda-forge/noarch/backports-1.0-pyhd8ed1ab_5.conda#767d508c1a67e02ae8f50e44cacfadb2
https://conda.anaconda.org/conda-forge/noarch/boltons-25.0.0-pyhd8ed1ab_0.conda#c7eb87af73750d6fd97eff8bbee8cb9c
https://conda.anaconda.org/conda-forge/linux-aarch64/brotli-python-1.2.0-py311h14a79a7_1.conda#292e7c014bfab5c77a2ff9c92728bb50
https://conda.anaconda.org/conda-forge/noarch/certifi-2025.11.12-pyhd8ed1ab_0.conda#96a02a5c1a65470a7e4eedb644c872fd
https://conda.anaconda.org/conda-forge/noarch/charset-normalizer-3.4.4-pyhd8ed1ab_0.conda#a22d1fd9bf98827e280a02875d9a007a
https://conda.anaconda.org/conda-forge/noarch/click-8.3.1-pyh707e725_0.conda#9ba00b39e03a0afb2b1cc0767d4c6175
https://conda.anaconda.org/conda-forge/noarch/colorama-0.4.6-pyhd8ed1ab_1.conda#962b9857ee8e7018c22f2776ffa0b2d7
https://conda.anaconda.org/conda-forge/noarch/crashtest-0.4.1-pyhd8ed1ab_1.conda#e036e2f76d9c9aebc12510ed23352b6c
https://conda.anaconda.org/conda-forge/noarch/cycler-0.12.1-pyhd8ed1ab_1.conda#44600c4667a319d67dbe0681fc0bc833
https://conda.anaconda.org/conda-forge/noarch/distlib-0.4.0-pyhd8ed1ab_0.conda#003b8ba0a94e2f1e117d0bd46aebc901
https://conda.anaconda.org/conda-forge/noarch/filelock-3.20.0-pyhd8ed1ab_0.conda#66b8b26023b8efdf8fcb23bac4b6325d
https://conda.anaconda.org/conda-forge/linux-aarch64/freetype-2.14.1-h8af1aa0_0.conda#0c8f36ebd3678eed1685f0fc93fc2175
https://conda.anaconda.org/conda-forge/noarch/hpack-4.1.0-pyhd8ed1ab_0.conda#0a802cb9888dd14eeefc611f05c40b6e
https://conda.anaconda.org/conda-forge/noarch/hyperframe-6.1.0-pyhd8ed1ab_0.conda#8e6923fc12f1fe8f8c4e5c9f343256ac
https://conda.anaconda.org/conda-forge/noarch/idna-3.11-pyhd8ed1ab_0.conda#53abe63df7e10a6ba605dc5f9f961d36
https://conda.anaconda.org/conda-forge/noarch/jeepney-0.9.0-pyhd8ed1ab_0.conda#b4b91eb14fbe2f850dd2c5fc20676c0d
https://conda.anaconda.org/conda-forge/linux-aarch64/kiwisolver-1.4.9-py311h229e7f7_2.conda#18358d47ebdc1f936003b7d407c9e16f
https://conda.anaconda.org/conda-forge/linux-aarch64/libcblas-3.11.0-2_hd72aa62_openblas.conda#a074a14e43abb50d4a38fff28a791259
https://conda.anaconda.org/conda-forge/linux-aarch64/libgl-1.7.0-hd24410f_2.conda#0d00176464ebb25af83d40736a2cd3bb
https://conda.anaconda.org/conda-forge/linux-aarch64/liblapack-3.11.0-2_h88aeb00_openblas.conda#c73b83da5563196bdfd021579c45d54c
https://conda.anaconda.org/conda-forge/linux-aarch64/libxml2-2.15.1-h788dabe_0.conda#a0e7779b7625b88e37df9bd73f0638dc
https://conda.anaconda.org/conda-forge/linux-aarch64/markupsafe-3.0.3-py311h2dad8b0_0.conda#ff6e48e0ba263a5f446237001fd59c4a
https://conda.anaconda.org/conda-forge/noarch/more-itertools-10.8.0-pyhd8ed1ab_0.conda#d7620a15dc400b448e1c88a981b23ddd
https://conda.anaconda.org/conda-forge/linux-aarch64/msgpack-python-1.1.2-py311hfca10b7_1.conda#560e361fc9aff96fdd179e7e5d41471e
https://conda.anaconda.org/conda-forge/noarch/munkres-1.1.4-pyhd8ed1ab_1.conda#37293a85a0f4f77bbd9cf7aaefc62609
https://conda.anaconda.org/conda-forge/noarch/mypy_extensions-1.1.0-pyha770c72_0.conda#e9c622e0d00fa24a6292279af3ab6d06
https://conda.anaconda.org/conda-forge/noarch/narwhals-2.12.0-pyhcf101f3_0.conda#02cab382663872083b7e8675f09d9c21
https://conda.anaconda.org/conda-forge/linux-aarch64/openldap-2.6.10-h30c48ee_0.conda#48f31a61be512ec1929f4b4a9cedf4bd
https://conda.anaconda.org/conda-forge/noarch/packaging-25.0-pyh29332c3_1.conda#58335b26c38bf4a20f399384c33cbcf9
https://conda.anaconda.org/conda-forge/linux-aarch64/pillow-12.0.0-py311hc62970c_1.conda#5d5a4f490c34d21fd1485112ceec9b14
https://conda.anaconda.org/conda-forge/noarch/pkginfo-1.12.1.2-pyhd8ed1ab_0.conda#dc702b2fae7ebe770aff3c83adb16b63
https://conda.anaconda.org/conda-forge/noarch/platformdirs-4.5.0-pyhcf101f3_0.conda#5c7a868f8241e64e1cf5fdf4962f23e2
https://conda.anaconda.org/conda-forge/noarch/pycparser-2.22-pyh29332c3_1.conda#12c566707c80111f9799308d9e265aef
https://conda.anaconda.org/conda-forge/noarch/pyparsing-3.2.5-pyhcf101f3_0.conda#6c8979be6d7a17692793114fa26916e8
https://conda.anaconda.org/conda-forge/noarch/pysocks-1.7.1-pyha55dd90_7.conda#461219d1a5bd61342293efa2c0c90eac
https://conda.anaconda.org/conda-forge/noarch/python-fastjsonschema-2.21.2-pyhe01879c_0.conda#23029aae904a2ba587daba708208012f
https://conda.anaconda.org/conda-forge/noarch/python-installer-0.7.0-pyhff2d567_1.conda#e27480eebcdf247209e90da706ebef8d
https://conda.anaconda.org/conda-forge/noarch/python-tzdata-2025.2-pyhd8ed1ab_0.conda#88476ae6ebd24f39261e0854ac244f33
https://conda.anaconda.org/conda-forge/noarch/pytz-2025.2-pyhd8ed1ab_0.conda#bc8e3267d44011051f2eb14d22fb0960
https://conda.anaconda.org/conda-forge/linux-aarch64/pyyaml-6.0.3-py311h164a683_0.conda#3b798096c0411fe74c24a95c3965a62a
https://conda.anaconda.org/conda-forge/linux-aarch64/rpds-py-0.29.0-py311hc91c717_0.conda#ef3e13a0275bc0287629f2890e064662
https://conda.anaconda.org/conda-forge/linux-aarch64/ruamel.yaml.clib-0.2.14-py311h19352d5_0.conda#6b640c113902de2efe3475041f4087f7
https://conda.anaconda.org/conda-forge/noarch/semver-3.0.4-pyhd8ed1ab_0.conda#982aa48accc06494cbd2b51af69e17c7
https://conda.anaconda.org/conda-forge/noarch/setuptools-80.9.0-pyhff2d567_0.conda#4de79c071274a53dcaf2a8c749d1499e
https://conda.anaconda.org/conda-forge/noarch/shellingham-1.5.4-pyhd8ed1ab_2.conda#83ea3a2ddb7a75c1b09cea582aa4f106
https://conda.anaconda.org/conda-forge/noarch/six-1.17.0-pyhe01879c_1.conda#3339e3b65d58accf4ca4fb8748ab16b3
https://conda.anaconda.org/conda-forge/noarch/smmap-5.0.2-pyhd8ed1ab_0.conda#87f47a78808baf2fa1ea9c315a1e48f1
https://conda.anaconda.org/conda-forge/noarch/threadpoolctl-3.6.0-pyhecae5ae_0.conda#9d64911b31d57ca443e9f1e36b04385f
https://conda.anaconda.org/conda-forge/noarch/tomli-2.3.0-pyhcf101f3_0.conda#d2732eb636c264dc9aa4cbee404b1a53
https://conda.anaconda.org/conda-forge/noarch/tomlkit-0.13.3-pyha770c72_0.conda#146402bf0f11cbeb8f781fa4309a95d3
https://conda.anaconda.org/conda-forge/linux-aarch64/tornado-6.5.2-py311hb9158a3_2.conda#6d68a78b162d9823e5abe63001c6df36
https://conda.anaconda.org/conda-forge/noarch/trove-classifiers-2025.11.14.15-pyhd8ed1ab_0.conda#e976edbb0821092956a85f1e7b627a97
https://conda.anaconda.org/conda-forge/noarch/typing_extensions-4.15.0-pyhcf101f3_0.conda#0caa1af407ecff61170c9437a808404d
https://conda.anaconda.org/conda-forge/linux-aarch64/unicodedata2-17.0.0-py311h19352d5_1.conda#4a55814831e0ec9be84ccef6aed798c1
https://conda.anaconda.org/conda-forge/noarch/wheel-0.45.1-pyhd8ed1ab_1.conda#75cb7132eb58d97896e173ef12ac9986
https://conda.anaconda.org/conda-forge/linux-aarch64/xcb-util-cursor-0.1.6-he30d5cf_0.conda#8b70063c86f7f9a0b045e78d2d9971f7
https://conda.anaconda.org/conda-forge/linux-aarch64/xorg-libxcomposite-0.4.6-h86ecc28_2.conda#86051eee0766c3542be24844a9c3cf36
https://conda.anaconda.org/conda-forge/linux-aarch64/xorg-libxcursor-1.2.3-h86ecc28_0.conda#f2054759c2203d12d0007005e1f1296d
https://conda.anaconda.org/conda-forge/linux-aarch64/xorg-libxdamage-1.1.6-h86ecc28_0.conda#d5773c4e4d64428d7ddaa01f6f845dc7
https://conda.anaconda.org/conda-forge/linux-aarch64/xorg-libxi-1.8.2-h57736b2_0.conda#eeee3bdb31c6acde2b81ad1b8c287087
https://conda.anaconda.org/conda-forge/linux-aarch64/xorg-libxrandr-1.5.4-h86ecc28_0.conda#dd3e74283a082381aa3860312e3c721e
https://conda.anaconda.org/conda-forge/linux-aarch64/xorg-libxxf86vm-1.1.6-h86ecc28_0.conda#d745faa2d7c15092652e40a22bb261ed
https://conda.anaconda.org/conda-forge/noarch/zipp-3.23.0-pyhd8ed1ab_0.conda#df5e78d904988eb55042c0c97446079f
https://conda.anaconda.org/conda-forge/noarch/backports.tarfile-1.2.0-pyhd8ed1ab_1.conda#df837d654933488220b454c6a3b0fad6
https://conda.anaconda.org/conda-forge/linux-aarch64/cffi-2.0.0-py311h460c349_1.conda#eef8f2527e60a82df85eba1cc4f9d5e1
https://conda.anaconda.org/conda-forge/noarch/click-default-group-1.2.4-pyhd8ed1ab_1.conda#7cd83dd6831b61ad9624a694e4afd7dc
https://conda.anaconda.org/conda-forge/linux-aarch64/fontconfig-2.15.0-h8dda3cd_1.conda#112b71b6af28b47c624bcbeefeea685b
https://conda.anaconda.org/conda-forge/linux-aarch64/fonttools-4.60.1-py311h164a683_0.conda#e15201d7a1ed08ce5b85beca0d4a0131
https://conda.anaconda.org/conda-forge/noarch/gitdb-4.0.12-pyhd8ed1ab_0.conda#7c14f3706e099f8fcd47af2d494616cc
https://conda.anaconda.org/conda-forge/noarch/h2-4.3.0-pyhcf101f3_0.conda#164fc43f0b53b6e3a7bc7dce5e4f1dc9
https://conda.anaconda.org/conda-forge/noarch/importlib-metadata-8.7.0-pyhe01879c_1.conda#63ccfdc3a3ce25b027b8767eb722fca8
https://conda.anaconda.org/conda-forge/noarch/importlib_resources-6.5.2-pyhd8ed1ab_0.conda#c85c76dc67d75619a92f51dfbce06992
https://conda.anaconda.org/conda-forge/noarch/jaraco.classes-3.4.0-pyhd8ed1ab_2.conda#ade6b25a6136661dadd1a43e4350b10b
https://conda.anaconda.org/conda-forge/noarch/jaraco.functools-4.3.0-pyhd8ed1ab_0.conda#b86839fa387a5b904846e77c84167e57
https://conda.anaconda.org/conda-forge/noarch/jinja2-3.1.6-pyhd8ed1ab_0.conda#446bd6c8cb26050d528881df495ce646
https://conda.anaconda.org/conda-forge/noarch/joblib-1.5.2-pyhd8ed1ab_0.conda#4e717929cfa0d49cef92d911e31d0e90
https://conda.anaconda.org/conda-forge/linux-aarch64/libllvm21-21.1.6-hfd2ba90_0.conda#54e87a913eeaa2b27f2e7b491860f612
https://conda.anaconda.org/conda-forge/linux-aarch64/libpq-18.1-haf03d9f_1.conda#11a55df5dc2234fcd4135e73fb5737d7
https://conda.anaconda.org/conda-forge/linux-aarch64/libvulkan-loader-1.4.328.1-h8b8848b_0.conda#e5a3ff3a266b68398bd28ed1d4363e65
https://conda.anaconda.org/conda-forge/linux-aarch64/libxkbcommon-1.13.0-h3c6a4c8_0.conda#a7c78be36bf59b4ba44ad2f2f8b92b37
https://conda.anaconda.org/conda-forge/linux-aarch64/libxslt-1.1.43-h6700d25_1.conda#0f31501ccd51a40f0a91381080ae7368
https://conda.anaconda.org/conda-forge/linux-aarch64/numpy-2.3.5-py311h669026d_0.conda#5ca3db64e7fe0c00685b97104def7953
https://conda.anaconda.org/conda-forge/noarch/pip-25.3-pyh8b19718_0.conda#c55515ca43c6444d2572e0f0d93cb6b9
https://conda.anaconda.org/conda-forge/noarch/pyproject_hooks-1.2.0-pyhd8ed1ab_1.conda#d4582021af437c931d7d77ec39007845
https://conda.anaconda.org/conda-forge/noarch/python-dateutil-2.9.0.post0-pyhe01879c_2.conda#5b8d21249ff20967101ffa321cab24e8
https://conda.anaconda.org/conda-forge/noarch/referencing-0.37.0-pyhcf101f3_0.conda#870293df500ca7e18bedefa5838a22ab
https://conda.anaconda.org/conda-forge/linux-aarch64/ruamel.yaml-0.18.16-py311h19352d5_0.conda#4f9d0da64f1449fdf1cf00b6bcfb0c82
https://conda.anaconda.org/conda-forge/noarch/typing-extensions-4.15.0-h396c80c_0.conda#edd329d7d3a4ab45dcf905899a7a6115
https://conda.anaconda.org/conda-forge/noarch/typing-inspection-0.4.2-pyhd8ed1ab_1.conda#a0a4a3035667fc34f29bfbd5c190baa6
https://conda.anaconda.org/conda-forge/noarch/typing_inspect-0.9.0-pyhd8ed1ab_1.conda#fa31df4d4193aabccaf09ce78a187faf
https://conda.anaconda.org/conda-forge/noarch/virtualenv-20.35.4-pyhd8ed1ab_0.conda#cfccfd4e8d9de82ed75c8e2c91cab375
https://conda.anaconda.org/conda-forge/linux-aarch64/xorg-libxtst-1.2.5-h57736b2_3.conda#c05698071b5c8e0da82a282085845860
https://conda.anaconda.org/conda-forge/noarch/annotated-types-0.7.0-pyhd8ed1ab_1.conda#2934f256a8acfe48f6ebb4fce6cde29c
https://conda.anaconda.org/conda-forge/linux-aarch64/cairo-1.18.4-h83712da_0.conda#cd55953a67ec727db5dc32b167201aa6
https://conda.anaconda.org/conda-forge/linux-aarch64/contourpy-1.3.3-py311hfca10b7_3.conda#47c305536dbf44cd3e629b6851605a50
https://conda.anaconda.org/conda-forge/linux-aarch64/cryptography-46.0.3-py311h2822d24_0.conda#1885a7ea417688e0f8221167762f4394
https://conda.anaconda.org/conda-forge/noarch/gitpython-3.1.45-pyhff2d567_0.conda#b91d463ea8be13bcbe644ae8bc99c39f
https://conda.anaconda.org/conda-forge/noarch/jaraco.context-6.0.1-pyhd8ed1ab_0.conda#bcc023a32ea1c44a790bbf1eae473486
https://conda.anaconda.org/conda-forge/noarch/jsonschema-specifications-2025.9.1-pyhcf101f3_0.conda#439cd0f567d697b20a8f45cb70a1005a
https://conda.anaconda.org/conda-forge/linux-aarch64/libclang-cpp21.1-21.1.6-default_he95a3c9_0.conda#6457ea18e8c2a534017aa7c7c88768eb
https://conda.anaconda.org/conda-forge/linux-aarch64/libclang13-21.1.6-default_h94a09a5_0.conda#9cf3f6e2f743eac1cd85b4e9e55ba8a5
https://conda.anaconda.org/conda-forge/linux-aarch64/pandas-2.3.3-py311hffd966a_1.conda#9750cdbd8017bf613dadc5bcaac3136e
https://conda.anaconda.org/conda-forge/linux-aarch64/pydantic-core-2.41.5-py311hddf1d3d_1.conda#3635a8f38b998d0125bceff30b13168c
https://conda.anaconda.org/conda-forge/noarch/python-build-1.3.0-pyhff2d567_0.conda#ed5d43e9ef92cc2a9872f9bdfe94b984
https://conda.anaconda.org/conda-forge/linux-aarch64/scipy-1.16.3-py311h33b5a33_1.conda#3d97f428e5e2f3d0f07f579d97e9fe70
https://conda.anaconda.org/conda-forge/noarch/typeguard-4.4.4-pyhd8ed1ab_0.conda#8b2613dbfd4e2bc9080b2779b53fc210
https://conda.anaconda.org/conda-forge/linux-aarch64/zstandard-0.25.0-py311h51cfe5d_1.conda#c8b3365fe290eeee3084274948012394
https://conda.anaconda.org/conda-forge/noarch/conda-package-streaming-0.12.0-pyhd8ed1ab_0.conda#ff75d06af779966a5aeae1be1d409b96
https://conda.anaconda.org/conda-forge/linux-aarch64/harfbuzz-12.2.0-he4899c9_0.conda#1437bf9690976948f90175a65407b65f
https://conda.anaconda.org/conda-forge/noarch/jsonschema-4.25.1-pyhe01879c_0.conda#341fd940c242cf33e832c0402face56f
https://conda.anaconda.org/conda-forge/linux-aarch64/matplotlib-base-3.10.7-py311hb9c6b48_0.conda#7c41eef230a6f2035a95005008e7e456
https://conda.anaconda.org/conda-forge/noarch/pydantic-2.12.4-pyh3cfb1c2_0.conda#bf6ce72315b6759453d8c90a894e9e4c
https://conda.anaconda.org/conda-forge/linux-aarch64/scikit-learn-1.7.2-py311hffcf87d_0.conda#69c21c3b329d7d31fe392428bfade861
https://conda.anaconda.org/conda-forge/linux-aarch64/secretstorage-3.4.1-py311hfecb2dc_0.conda#5977606fdd9c1ff991de8fd54298cdfd
https://conda.anaconda.org/conda-forge/noarch/urllib3-2.5.0-pyhd8ed1ab_0.conda#436c165519e140cb08d246a4472a9d6a
https://conda.anaconda.org/conda-forge/noarch/vega_datasets-0.9.0-pyhd8ed1ab_1.conda#a2208a412fdfefbd36e9c740da9a3f3b
https://conda.anaconda.org/conda-forge/noarch/altair-5.4.1-pyhd8ed1ab_3.conda#1023b24b9c859bf5d9223a202d7e58b9
https://conda.anaconda.org/conda-forge/linux-aarch64/dulwich-0.22.8-py311h0ca61a2_0.conda#699a7acbba9f57cfa0c06e57461b89b1
https://conda.anaconda.org/conda-forge/noarch/keyring-25.7.0-pyha804496_0.conda#9eeb0eaf04fa934808d3e070eebbe630
https://conda.anaconda.org/conda-forge/noarch/pandera-base-0.26.1-pyhd8ed1ab_0.conda#0828883b7195bdb41c146bc5ff14c1b2
https://conda.anaconda.org/conda-forge/linux-aarch64/qt6-main-6.9.3-h224e339_1.conda#ffcc8b87dd0a6315f231e690a7d7b6f2
https://conda.anaconda.org/conda-forge/noarch/requests-2.32.5-pyhd8ed1ab_0.conda#db0c6b99149880c8ba515cf4abe93ee4
https://conda.anaconda.org/conda-forge/linux-aarch64/wordcloud-1.9.4-py311h19352d5_2.conda#a9270bb997a6e4e4c051db8f6c995dfe
https://conda.anaconda.org/conda-forge/noarch/cachecontrol-0.14.3-pyha770c72_0.conda#241ef6e3db47a143ac34c21bfba510f1
https://conda.anaconda.org/conda-forge/noarch/ensureconda-1.6.0-pyhcf101f3_0.conda#fcc02785e4da41e5f19f740e017b6ffb
https://conda.anaconda.org/conda-forge/noarch/pandera-0.26.1-hd8ed1ab_0.conda#ec76428eacdff80cb9093789fe5452a2
https://conda.anaconda.org/conda-forge/linux-aarch64/pyside6-6.9.3-py311hf1caecd_1.conda#73f404b29ee67faa8db72314a73ac714
https://conda.anaconda.org/conda-forge/noarch/requests-toolbelt-1.0.0-pyhd8ed1ab_1.conda#66de8645e324fda0ea6ef28c2f99a2ab
https://conda.anaconda.org/conda-forge/noarch/cachecontrol-with-filecache-0.14.3-pyhd8ed1ab_0.conda#b4af8c1b61929b1bcb001c2953882149
https://conda.anaconda.org/conda-forge/linux-aarch64/matplotlib-3.10.7-py311hfecb2dc_0.conda#0f4bc7bb0509530cea460da7f20ac7a6
https://conda.anaconda.org/conda-forge/noarch/conda-lock-3.0.4-pyh367d9c9_1.conda#e9cdc696228d9701ec8142fd3ba16f58
# pip asttokens @ https://files.pythonhosted.org/packages/d2/39/e7eaf1799466a4aef85b6a4fe7bd175ad2b1c6345066aa33f1f58d4b18d0/asttokens-3.0.1-py3-none-any.whl#sha256=15a3ebc0f43c2d0a50eeafea25e19046c68398e487b9f1f5b517f7c0f40f976a
# pip comm @ https://files.pythonhosted.org/packages/60/97/891a0971e1e4a8c5d2b20bbe0e524dc04548d2307fee33cdeba148fd4fc7/comm-0.2.3-py3-none-any.whl#sha256=c615d91d75f7f04f095b30d1c1711babd43bdc6419c1be9886a85f2f4e489417
# pip debugpy @ https://files.pythonhosted.org/packages/b0/d0/89247ec250369fc76db477720a26b2fce7ba079ff1380e4ab4529d2fe233/debugpy-1.8.17-py2.py3-none-any.whl#sha256=60c7dca6571efe660ccb7a9508d73ca14b8796c4ed484c2002abba714226cfef
# pip decorator @ https://files.pythonhosted.org/packages/4e/8c/f3147f5c4b73e7550fe5f9352eaa956ae838d5c51eb58e7a25b9f3e2643b/decorator-5.2.1-py3-none-any.whl#sha256=d316bb415a2d9e2d2b3abcc4084c6502fc09240e292cd76a76afc106a1c8e04a
# pip defusedxml @ https://files.pythonhosted.org/packages/07/6c/aa3f2f849e01cb6a001cd8554a88d4c77c5c1a31c95bdf1cf9301e6d9ef4/defusedxml-0.7.1-py2.py3-none-any.whl#sha256=a352e7e428770286cc899e2542b6cdaedb2b4953ff269a210103ec58f6198a61
# pip executing @ https://files.pythonhosted.org/packages/c1/ea/53f2148663b321f21b5a606bd5f191517cf40b7072c0497d3c92c4a13b1e/executing-2.2.1-py2.py3-none-any.whl#sha256=760643d3452b4d777d295bb167ccc74c64a81df23fb5e08eff250c425a4b2017
# pip jsonpickle @ https://files.pythonhosted.org/packages/c1/73/04df8a6fa66d43a9fd45c30f283cc4afff17da671886e451d52af60bdc7e/jsonpickle-4.1.1-py3-none-any.whl#sha256=bb141da6057898aa2438ff268362b126826c812a1721e31cf08a6e142910dc91
# pip jupyterlab-pygments @ https://files.pythonhosted.org/packages/b1/dd/ead9d8ea85bf202d90cc513b533f9c363121c7792674f78e0d8a854b63b4/jupyterlab_pygments-0.3.0-py3-none-any.whl#sha256=841a89020971da1d8693f1a99997aefc5dc424bb1b251fd6322462a1b8842780
# pip jupyterlab-widgets @ https://files.pythonhosted.org/packages/ab/b5/36c712098e6191d1b4e349304ef73a8d06aed77e56ceaac8c0a306c7bda1/jupyterlab_widgets-3.0.16-py3-none-any.whl#sha256=45fa36d9c6422cf2559198e4db481aa243c7a32d9926b500781c830c80f7ecf8
# pip mistune @ https://files.pythonhosted.org/packages/7a/f0/8282d9641415e9e33df173516226b404d367a0fc55e1a60424a152913abc/mistune-3.1.4-py3-none-any.whl#sha256=93691da911e5d9d2e23bc54472892aff676df27a75274962ff9edc210364266d
# pip nest-asyncio @ https://files.pythonhosted.org/packages/a0/c4/c2971a3ba4c6103a3d10c4b0f24f461ddc027f0f09763220cf35ca1401b3/nest_asyncio-1.6.0-py3-none-any.whl#sha256=87af6efd6b5e897c81050477ef65c62e2b2f35d51703cae01aff2905b1852e1c
# pip overrides @ https://files.pythonhosted.org/packages/2c/ab/fc8290c6a4c722e5514d80f62b2dc4c4df1a68a41d1364e625c35990fcf3/overrides-7.7.0-py3-none-any.whl#sha256=c7ed9d062f78b8e4c1a7b70bd8796b35ead4d9f510227ef9c5dc7626c60d7e49
# pip pandocfilters @ https://files.pythonhosted.org/packages/ef/af/4fbc8cab944db5d21b7e2a5b8e9211a03a79852b1157e2c102fcc61ac440/pandocfilters-1.5.1-py2.py3-none-any.whl#sha256=93be382804a9cdb0a7267585f157e5d1731bbe5545a85b268d6f5fe6232de2bc
# pip parso @ https://files.pythonhosted.org/packages/16/32/f8e3c85d1d5250232a5d3477a2a28cc291968ff175caeadaf3cc19ce0e4a/parso-0.8.5-py2.py3-none-any.whl#sha256=646204b5ee239c396d040b90f9e272e9a8017c630092bf59980beb62fd033887
# pip prometheus-client @ https://files.pythonhosted.org/packages/b8/db/14bafcb4af2139e046d03fd00dea7873e48eafe18b7d2797e73d6681f210/prometheus_client-0.23.1-py3-none-any.whl#sha256=dd1913e6e76b59cfe44e7a4b83e01afc9873c1bdfd2ed8739f1e76aeca115f99
# pip psutil @ https://files.pythonhosted.org/packages/e0/95/992c8816a74016eb095e73585d747e0a8ea21a061ed3689474fabb29a395/psutil-7.1.3-cp36-abi3-manylinux2014_aarch64.manylinux_2_17_aarch64.manylinux_2_28_aarch64.whl#sha256=56d974e02ca2c8eb4812c3f76c30e28836fffc311d55d979f1465c1feeb2b68b
# pip ptyprocess @ https://files.pythonhosted.org/packages/22/a6/858897256d0deac81a172289110f31629fc4cee19b6f01283303e18c8db3/ptyprocess-0.7.0-py2.py3-none-any.whl#sha256=4b41f3967fce3af57cc7e94b888626c18bf37a083e3651ca8feeb66d492fef35
# pip pure-eval @ https://files.pythonhosted.org/packages/8e/37/efad0257dc6e593a18957422533ff0f87ede7c9c6ea010a2177d738fb82f/pure_eval-0.2.3-py3-none-any.whl#sha256=1db8e35b67b3d218d818ae653e27f06c3aa420901fa7b081ca98cbedc874e0d0
# pip pygments @ https://files.pythonhosted.org/packages/c7/21/705964c7812476f378728bdf590ca4b771ec72385c533964653c68e86bdc/pygments-2.19.2-py3-none-any.whl#sha256=86540386c03d588bb81d44bc3928634ff26449851e99741617ecb9037ee5ec0b
# pip python-json-logger @ https://files.pythonhosted.org/packages/51/e5/fecf13f06e5e5f67e8837d777d1bc43fac0ed2b77a676804df5c34744727/python_json_logger-4.0.0-py3-none-any.whl#sha256=af09c9daf6a813aa4cc7180395f50f2a9e5fa056034c9953aec92e381c5ba1e2
# pip rfc3986-validator @ https://files.pythonhosted.org/packages/9e/51/17023c0f8f1869d8806b979a2bffa3f861f26a3f1a66b094288323fba52f/rfc3986_validator-0.1.1-py2.py3-none-any.whl#sha256=2f235c432ef459970b4306369336b9d5dbdda31b510ca1e327636e01f528bfa9
# pip send2trash @ https://files.pythonhosted.org/packages/40/b0/4562db6223154aa4e22f939003cb92514c79f3d4dccca3444253fd17f902/Send2Trash-1.8.3-py3-none-any.whl#sha256=0c31227e0bd08961c7665474a3d1ef7193929fedda4233843689baa056be46c9
# pip sniffio @ https://files.pythonhosted.org/packages/e9/44/75a9c9421471a6c4805dbf2356f7c181a29c1879239abab1ea2cc8f38b40/sniffio-1.3.1-py3-none-any.whl#sha256=2f6da418d1f1e0fddd844478f41680e794e6051915791a034ff65e5f100525a2
# pip soupsieve @ https://files.pythonhosted.org/packages/14/a0/bb38d3b76b8cae341dad93a2dd83ab7462e6dbcdd84d43f54ee60a8dc167/soupsieve-2.8-py3-none-any.whl#sha256=0cc76456a30e20f5d7f2e14a98a4ae2ee4e5abdc7c5ea0aafe795f344bc7984c
# pip tqdm @ https://files.pythonhosted.org/packages/d0/30/dc54f88dd4a2b5dc8a0279bdd7270e735851848b762aeb1c1184ed1f6b14/tqdm-4.67.1-py3-none-any.whl#sha256=26445eca388f82e72884e0d580d5464cd801a3ea01e63e5601bdff9ba6a48de2
# pip traitlets @ https://files.pythonhosted.org/packages/00/c0/8f5d070730d7836adc9c9b6408dec68c6ced86b304a9b26a14df072a6e8c/traitlets-5.14.3-py3-none-any.whl#sha256=b74e89e397b1ed28cc831db7aea759ba6640cb3de13090ca145426688ff1ac4f
# pip wcwidth @ https://files.pythonhosted.org/packages/af/b5/123f13c975e9f27ab9c0770f514345bd406d0e8d3b7a0723af9d43f710af/wcwidth-0.2.14-py2.py3-none-any.whl#sha256=a7bb560c8aee30f9957e5f9895805edd20602f2d7f720186dfd906e82b4982e1
# pip webencodings @ https://files.pythonhosted.org/packages/f4/24/2a3e3df732393fed8b3ebf2ec078f05546de641fe1b667ee316ec1dcf3b7/webencodings-0.5.1-py2.py3-none-any.whl#sha256=a0af1213f3c2226497a97e2b3aa01a7e4bee4f403f95be16fc9acd2947514a78
# pip websocket-client @ https://files.pythonhosted.org/packages/34/db/b10e48aa8fff7407e67470363eac595018441cf32d5e1001567a7aeba5d2/websocket_client-1.9.0-py3-none-any.whl#sha256=af248a825037ef591efbf6ed20cc5faa03d3b47b9e5a2230a529eeee1c1fc3ef
# pip widgetsnbextension @ https://files.pythonhosted.org/packages/3f/0e/fa3b193432cfc60c93b42f3be03365f5f909d2b3ea410295cf36df739e31/widgetsnbextension-4.0.15-py3-none-any.whl#sha256=8156704e4346a571d9ce73b84bee86a29906c9abfd7223b7228a28899ccf3366
# pip anyio @ https://files.pythonhosted.org/packages/15/b3/9b1a8074496371342ec1e796a96f99c82c945a339cd81a8e73de28b4cf9e/anyio-4.11.0-py3-none-any.whl#sha256=0287e96f4d26d4149305414d4e3bc32f0dcd0862365a4bddea19d7a1ec38c4fc
# pip argon2-cffi-bindings @ https://files.pythonhosted.org/packages/c1/93/44365f3d75053e53893ec6d733e4a5e3147502663554b4d864587c7828a7/argon2_cffi_bindings-25.1.0-cp39-abi3-manylinux_2_26_aarch64.manylinux_2_28_aarch64.whl#sha256=1e021e87faa76ae0d413b619fe2b65ab9a037f24c60a1e6cc43457ae20de6dc6
# pip beautifulsoup4 @ https://files.pythonhosted.org/packages/94/fe/3aed5d0be4d404d12d36ab97e2f1791424d9ca39c2f754a6285d59a3b01d/beautifulsoup4-4.14.2-py3-none-any.whl#sha256=5ef6fa3a8cbece8488d66985560f97ed091e22bbc4e9c2338508a9d5de6d4515
# pip ipython-pygments-lexers @ https://files.pythonhosted.org/packages/d9/33/1f075bf72b0b747cb3288d011319aaf64083cf2efef8354174e3ed4540e2/ipython_pygments_lexers-1.1.1-py3-none-any.whl#sha256=a9462224a505ade19a605f71f8fa63c2048833ce50abc86768a0d81d876dc81c
# pip jedi @ https://files.pythonhosted.org/packages/c0/5a/9cac0c82afec3d09ccd97c8b6502d48f165f9124db81b4bcb90b4af974ee/jedi-0.19.2-py2.py3-none-any.whl#sha256=a8ef22bde8490f57fe5c7681a3c83cb58874daf72b4784de3cce5b6ef6edb5b9
# pip jupyter-core @ https://files.pythonhosted.org/packages/e7/e7/80988e32bf6f73919a113473a604f5a8f09094de312b9d52b79c2df7612b/jupyter_core-5.9.1-py3-none-any.whl#sha256=ebf87fdc6073d142e114c72c9e29a9d7ca03fad818c5d300ce2adc1fb0743407
# pip matplotlib-inline @ https://files.pythonhosted.org/packages/af/33/ee4519fa02ed11a94aef9559552f3b17bb863f2ecfe1a35dc7f548cde231/matplotlib_inline-0.2.1-py3-none-any.whl#sha256=d56ce5156ba6085e00a9d54fead6ed29a9c47e215cd1bba2e976ef39f5710a76
# pip patsy @ https://files.pythonhosted.org/packages/f1/70/ba4b949bdc0490ab78d545459acd7702b211dfccf7eb89bbc1060f52818d/patsy-1.0.2-py2.py3-none-any.whl#sha256=37bfddbc58fcf0362febb5f54f10743f8b21dd2aa73dec7e7ef59d1b02ae668a
# pip pexpect @ https://files.pythonhosted.org/packages/9e/c3/059298687310d527a58bb01f3b1965787ee3b40dce76752eda8b44e9a2c5/pexpect-4.9.0-py2.py3-none-any.whl#sha256=7236d1e080e4936be2dc3e326cec0af72acf9212a7e1d060210e70a47e253523
# pip plotly @ https://files.pythonhosted.org/packages/e7/c3/3031c931098de393393e1f93a38dc9ed6805d86bb801acc3cf2d5bd1e6b7/plotly-6.5.0-py3-none-any.whl#sha256=5ac851e100367735250206788a2b1325412aa4a4917a4fe3e6f0bc5aa6f3d90a
# pip prompt-toolkit @ https://files.pythonhosted.org/packages/84/03/0d3ce49e2505ae70cf43bc5bb3033955d2fc9f932163e84dc0779cc47f48/prompt_toolkit-3.0.52-py3-none-any.whl#sha256=9aac639a3bbd33284347de5ad8d68ecc044b91a762dc39b7c21095fcd6a19955
# pip python-utils @ https://files.pythonhosted.org/packages/d4/69/31c82567719b34d8f6b41077732589104883771d182a9f4ff3e71430999a/python_utils-3.9.1-py2.py3-none-any.whl#sha256=0273d7363c7ad4b70999b2791d5ba6b55333d6f7a4e4c8b6b39fb82b5fab4613
# pip pyzmq @ https://files.pythonhosted.org/packages/7e/22/37d15eb05f3bdfa4abea6f6d96eb3bb58585fbd3e4e0ded4e743bc650c97/pyzmq-27.1.0-cp311-cp311-manylinux_2_26_aarch64.manylinux_2_28_aarch64.whl#sha256=c895a6f35476b0c3a54e3eb6ccf41bf3018de937016e6e18748317f25d4e925f
# pip rfc3339-validator @ https://files.pythonhosted.org/packages/7b/44/4e421b96b67b2daff264473f7465db72fbdf36a07e05494f50300cc7b0c6/rfc3339_validator-0.1.4-py2.py3-none-any.whl#sha256=24f6ec1eda14ef823da9e36ec7113124b39c04d50a4d3d3a3c2859577e7791fa
# pip stack-data @ https://files.pythonhosted.org/packages/f1/7b/ce1eafaf1a76852e2ec9b22edecf1daa58175c090266e9f6c64afcd81d91/stack_data-0.6.3-py3-none-any.whl#sha256=d5558e0c25a4cb0853cddad3d77da9891a08cb85dd9f9f91b9f8cd66e511e695
# pip terminado @ https://files.pythonhosted.org/packages/6a/9e/2064975477fdc887e47ad42157e214526dcad8f317a948dee17e1659a62f/terminado-0.18.1-py3-none-any.whl#sha256=a4468e1b37bb318f8a86514f65814e1afc977cf29b3992a4500d9dd305dcceb0
# pip tinycss2 @ https://files.pythonhosted.org/packages/e6/34/ebdc18bae6aa14fbee1a08b63c015c72b64868ff7dae68808ab500c492e2/tinycss2-1.4.0-py3-none-any.whl#sha256=3a49cf47b7675da0b15d0c6e1df8df4ebd96e9394bb905a5775adb0d884c5289
# pip argon2-cffi @ https://files.pythonhosted.org/packages/4f/d3/a8b22fa575b297cd6e3e3b0155c7e25db170edf1c74783d6a31a2490b8d9/argon2_cffi-25.1.0-py3-none-any.whl#sha256=fdc8b074db390fccb6eb4a3604ae7231f219aa669a2652e0f20e16ba513d5741
# pip bleach @ https://files.pythonhosted.org/packages/cd/3a/577b549de0cc09d95f11087ee63c739bba856cd3952697eec4c4bb91350a/bleach-6.3.0-py3-none-any.whl#sha256=fe10ec77c93ddf3d13a73b035abaac7a9f5e436513864ccdad516693213c65d6
# pip ipython @ https://files.pythonhosted.org/packages/05/aa/62893d6a591d337aa59dcc4c6f6c842f1fe20cd72c8c5c1f980255243252/ipython-9.7.0-py3-none-any.whl#sha256=bce8ac85eb9521adc94e1845b4c03d88365fd6ac2f4908ec4ed1eb1b0a065f9f
# pip jupyter-client @ https://files.pythonhosted.org/packages/11/85/b0394e0b6fcccd2c1eeefc230978a6f8cb0c5df1e4cd3e7625735a0d7d1e/jupyter_client-8.6.3-py3-none-any.whl#sha256=e8a19cc986cc45905ac3362915f410f3af85424b4c0905e94fa5f2cb08e8f23f
# pip jupyter-events @ https://files.pythonhosted.org/packages/e2/48/577993f1f99c552f18a0428731a755e06171f9902fa118c379eb7c04ea22/jupyter_events-0.12.0-py3-none-any.whl#sha256=6464b2fa5ad10451c3d35fabc75eab39556ae1e2853ad0c0cc31b656731a97fb
# pip jupyter-server-terminals @ https://files.pythonhosted.org/packages/07/2d/2b32cdbe8d2a602f697a649798554e4f072115438e92249624e532e8aca6/jupyter_server_terminals-0.5.3-py3-none-any.whl#sha256=41ee0d7dc0ebf2809c668e0fc726dfaf258fcd3e769568996ca731b6194ae9aa
# pip nbformat @ https://files.pythonhosted.org/packages/a9/82/0340caa499416c78e5d8f5f05947ae4bc3cba53c9f038ab6e9ed964e22f1/nbformat-5.10.4-py3-none-any.whl#sha256=3b48d6c8fbca4b299bf3982ea7db1af21580e4fec269ad087b9e81588891200b
# pip pynomaly @ https://files.pythonhosted.org/packages/03/00/0af76dc221eb34f0d98af54024955ddc16080057a69d4c19329811aabc03/PyNomaly-0.3.4-py3-none-any.whl#sha256=e653f1e1c9a70c92170829f7440841e3b004528e1a1bfaea5e830e53fca26822
# pip statsmodels @ https://files.pythonhosted.org/packages/ce/da/6ebb64d0db4e86c0d2d9cde89e03247702da0ab191789f7813d4f9a348da/statsmodels-0.14.5-cp311-cp311-manylinux2014_aarch64.manylinux_2_17_aarch64.manylinux_2_28_aarch64.whl#sha256=f2ad5aee04ae7196c429df2174df232c057e478c5fa63193d01c8ec9aae04d31
# pip category-encoders @ https://files.pythonhosted.org/packages/a6/06/afcae4dab08612dac244ace7f478543f4fb83bea94177231ef9b4f7bfa06/category_encoders-2.9.0-py3-none-any.whl#sha256=49c0e49cd3bd93b21c0bcc928ecbe9b3d09951a6f7fff8cc67f1f33967887227
# pip ipykernel @ https://files.pythonhosted.org/packages/a3/17/20c2552266728ceba271967b87919664ecc0e33efca29c3efc6baf88c5f9/ipykernel-7.1.0-py3-none-any.whl#sha256=763b5ec6c5b7776f6a8d7ce09b267693b4e5ce75cb50ae696aaefb3c85e1ea4c
# pip ipywidgets @ https://files.pythonhosted.org/packages/56/6d/0d9848617b9f753b87f214f1c682592f7ca42de085f564352f10f0843026/ipywidgets-8.1.8-py3-none-any.whl#sha256=ecaca67aed704a338f88f67b1181b58f821ab5dc89c1f0f5ef99db43c1c2921e
# pip nbclient @ https://files.pythonhosted.org/packages/34/6d/e7fa07f03a4a7b221d94b4d586edb754a9b0dc3c9e2c93353e9fa4e0d117/nbclient-0.10.2-py3-none-any.whl#sha256=4ffee11e788b4a27fabeb7955547e4318a5298f34342a4bfd01f2e1faaeadc3d
# pip nbconvert @ https://files.pythonhosted.org/packages/cc/9a/cd673b2f773a12c992f41309ef81b99da1690426bd2f96957a7ade0d3ed7/nbconvert-7.16.6-py3-none-any.whl#sha256=1375a7b67e0c2883678c48e506dc320febb57685e5ee67faa51b18a90f3a712b
# pip jupyter-server @ https://files.pythonhosted.org/packages/92/80/a24767e6ca280f5a49525d987bf3e4d7552bf67c8be07e8ccf20271f8568/jupyter_server-2.17.0-py3-none-any.whl#sha256=e8cb9c7db4251f51ed307e329b81b72ccf2056ff82d50524debde1ee1870e13f
# pip deepchecks @ https://files.pythonhosted.org/packages/93/33/5af4ad37a258db5aa60b73fda875f362ef29a7e4b6b5f7760367113aa9ee/deepchecks-0.19.1-py3-none-any.whl#sha256=839926b338aa76f97a0d1220fe0a9f7cf59c88de08fd06f228ef3aa9dd27abf4
